// !$*UTF8*$!
{
	archiveVersion = 1;
	classes = {
	};
	objectVersion = 51;
	objects = {

/* Begin PBXBuildFile section */
		7BEEB3CB4A826F407825D57F /* Pods_SSHSUITests.framework in Frameworks */ = {isa = PBXBuildFile; fileRef = 2D3DABAD8502C65C99ECDDC0 /* Pods_SSHSUITests.framework */; };
		9C42A95F23FD979A00140F0F /* ReportViewController.swift in Sources */ = {isa = PBXBuildFile; fileRef = 9C42A95E23FD979A00140F0F /* ReportViewController.swift */; };
		9C45623D23EFE1F40095D957 /* AppDelegate.swift in Sources */ = {isa = PBXBuildFile; fileRef = 9C45623C23EFE1F40095D957 /* AppDelegate.swift */; };
		9C45623F23EFE1F40095D957 /* SceneDelegate.swift in Sources */ = {isa = PBXBuildFile; fileRef = 9C45623E23EFE1F40095D957 /* SceneDelegate.swift */; };
		9C45624423EFE1F40095D957 /* Main.storyboard in Resources */ = {isa = PBXBuildFile; fileRef = 9C45624223EFE1F40095D957 /* Main.storyboard */; };
		9C45624623EFE1FA0095D957 /* Assets.xcassets in Resources */ = {isa = PBXBuildFile; fileRef = 9C45624523EFE1FA0095D957 /* Assets.xcassets */; };
		9C45624923EFE1FA0095D957 /* LaunchScreen.storyboard in Resources */ = {isa = PBXBuildFile; fileRef = 9C45624723EFE1FA0095D957 /* LaunchScreen.storyboard */; };
		9C45625423EFE1FA0095D957 /* SSHSTests.swift in Sources */ = {isa = PBXBuildFile; fileRef = 9C45625323EFE1FA0095D957 /* SSHSTests.swift */; };
		9C45625F23EFE1FA0095D957 /* SSHSUITests.swift in Sources */ = {isa = PBXBuildFile; fileRef = 9C45625E23EFE1FA0095D957 /* SSHSUITests.swift */; };
		9C45626E23EFE3710095D957 /* HomeViewController.swift in Sources */ = {isa = PBXBuildFile; fileRef = 9C45626D23EFE3710095D957 /* HomeViewController.swift */; };
		9C45627023EFE37C0095D957 /* LogInViewController.swift in Sources */ = {isa = PBXBuildFile; fileRef = 9C45626F23EFE37C0095D957 /* LogInViewController.swift */; };
		9C45627223EFE3860095D957 /* SignUpViewController.swift in Sources */ = {isa = PBXBuildFile; fileRef = 9C45627123EFE3860095D957 /* SignUpViewController.swift */; };
		9C45627423EFE3910095D957 /* EncoreViewController.swift in Sources */ = {isa = PBXBuildFile; fileRef = 9C45627323EFE3910095D957 /* EncoreViewController.swift */; };
		9C45627623EFE3A20095D957 /* eSchoolViewController.swift in Sources */ = {isa = PBXBuildFile; fileRef = 9C45627523EFE3A20095D957 /* eSchoolViewController.swift */; };
		9C45627823EFE3AE0095D957 /* IDViewController.swift in Sources */ = {isa = PBXBuildFile; fileRef = 9C45627723EFE3AE0095D957 /* IDViewController.swift */; };
		9C45627A23EFE3B90095D957 /* WelcomeViewController.swift in Sources */ = {isa = PBXBuildFile; fileRef = 9C45627923EFE3B90095D957 /* WelcomeViewController.swift */; };
		9C45627F23EFE7430095D957 /* Utilities.swift in Sources */ = {isa = PBXBuildFile; fileRef = 9C45627E23EFE7430095D957 /* Utilities.swift */; };
		9C45628123EFEC560095D957 /* GoogleService-Info.plist in Resources */ = {isa = PBXBuildFile; fileRef = 9C45628023EFEC560095D957 /* GoogleService-Info.plist */; };
		9C77740D23F0C1F00007365B /* introvideo.mp4 in Resources */ = {isa = PBXBuildFile; fileRef = 9C77740C23F0C1EF0007365B /* introvideo.mp4 */; };
		9C7C4BB623F001BC002A6C02 /* Constants.swift in Sources */ = {isa = PBXBuildFile; fileRef = 9C7C4BB523F001BC002A6C02 /* Constants.swift */; };
		9C7C4BBA23F0949C002A6C02 /* WebKit.framework in Frameworks */ = {isa = PBXBuildFile; fileRef = 9C7C4BB923F0949B002A6C02 /* WebKit.framework */; };
		9CD1F007240CC99E00A46E2A /* WhatsNewViewController+TitleView.swift in Sources */ = {isa = PBXBuildFile; fileRef = 9CD1EFE6240CC99D00A46E2A /* WhatsNewViewController+TitleView.swift */; };
		9CD1F008240CC99E00A46E2A /* WhatsNewViewController+CompletionButton.swift in Sources */ = {isa = PBXBuildFile; fileRef = 9CD1EFE7240CC99D00A46E2A /* WhatsNewViewController+CompletionButton.swift */; };
		9CD1F009240CC99E00A46E2A /* WhatsNewViewController+HapticFeedback.swift in Sources */ = {isa = PBXBuildFile; fileRef = 9CD1EFE8240CC99D00A46E2A /* WhatsNewViewController+HapticFeedback.swift */; };
		9CD1F00A240CC99E00A46E2A /* WhatsNewViewController+Animation.swift in Sources */ = {isa = PBXBuildFile; fileRef = 9CD1EFE9240CC99D00A46E2A /* WhatsNewViewController+Animation.swift */; };
		9CD1F00B240CC99E00A46E2A /* WhatsNewViewController+ItemsView.swift in Sources */ = {isa = PBXBuildFile; fileRef = 9CD1EFEA240CC99D00A46E2A /* WhatsNewViewController+ItemsView.swift */; };
		9CD1F00C240CC99E00A46E2A /* WhatsNewViewController+Configuration.swift in Sources */ = {isa = PBXBuildFile; fileRef = 9CD1EFEB240CC99D00A46E2A /* WhatsNewViewController+Configuration.swift */; };
		9CD1F00D240CC99E00A46E2A /* WhatsNewViewController+DetailButton.swift in Sources */ = {isa = PBXBuildFile; fileRef = 9CD1EFEC240CC99D00A46E2A /* WhatsNewViewController+DetailButton.swift */; };
		9CD1F00E240CC99E00A46E2A /* WhatsNewViewController.swift in Sources */ = {isa = PBXBuildFile; fileRef = 9CD1EFED240CC99D00A46E2A /* WhatsNewViewController.swift */; };
		9CD1F00F240CC99E00A46E2A /* WhatsNew+Version.swift in Sources */ = {isa = PBXBuildFile; fileRef = 9CD1EFEF240CC99D00A46E2A /* WhatsNew+Version.swift */; };
		9CD1F010240CC99E00A46E2A /* WhatsNew+Item.swift in Sources */ = {isa = PBXBuildFile; fileRef = 9CD1EFF0240CC99D00A46E2A /* WhatsNew+Item.swift */; };
		9CD1F011240CC99E00A46E2A /* WhatsNew.swift in Sources */ = {isa = PBXBuildFile; fileRef = 9CD1EFF1240CC99D00A46E2A /* WhatsNew.swift */; };
		9CD1F012240CC99E00A46E2A /* UIViewController+AddChild.swift in Sources */ = {isa = PBXBuildFile; fileRef = 9CD1EFF3240CC99D00A46E2A /* UIViewController+AddChild.swift */; };
		9CD1F013240CC99E00A46E2A /* NSLayoutConstraint+Activate.swift in Sources */ = {isa = PBXBuildFile; fileRef = 9CD1EFF4240CC99D00A46E2A /* NSLayoutConstraint+Activate.swift */; };
		9CD1F014240CC99E00A46E2A /* UIColor+Defaults.swift in Sources */ = {isa = PBXBuildFile; fileRef = 9CD1EFF5240CC99D00A46E2A /* UIColor+Defaults.swift */; };
		9CD1F015240CC99E00A46E2A /* Sequence+WhatsNew.swift in Sources */ = {isa = PBXBuildFile; fileRef = 9CD1EFF6240CC99D00A46E2A /* Sequence+WhatsNew.swift */; };
		9CD1F016240CC99E00A46E2A /* WhatsNewButtonViewController+DetailButton.swift in Sources */ = {isa = PBXBuildFile; fileRef = 9CD1EFF9240CC99D00A46E2A /* WhatsNewButtonViewController+DetailButton.swift */; };
		9CD1F017240CC99E00A46E2A /* WhatsNewButtonViewController+CompletionButton.swift in Sources */ = {isa = PBXBuildFile; fileRef = 9CD1EFFA240CC99D00A46E2A /* WhatsNewButtonViewController+CompletionButton.swift */; };
		9CD1F018240CC99E00A46E2A /* WhatsNewButtonViewController.swift in Sources */ = {isa = PBXBuildFile; fileRef = 9CD1EFFB240CC99D00A46E2A /* WhatsNewButtonViewController.swift */; };
		9CD1F019240CC99E00A46E2A /* WhatsNewTitleViewController.swift in Sources */ = {isa = PBXBuildFile; fileRef = 9CD1EFFD240CC99D00A46E2A /* WhatsNewTitleViewController.swift */; };
		9CD1F01A240CC99E00A46E2A /* WhatsNewItemsViewController.swift in Sources */ = {isa = PBXBuildFile; fileRef = 9CD1EFFF240CC99D00A46E2A /* WhatsNewItemsViewController.swift */; };
		9CD1F01B240CC99E00A46E2A /* WhatsNewItemsViewController+Cell.swift in Sources */ = {isa = PBXBuildFile; fileRef = 9CD1F000240CC99D00A46E2A /* WhatsNewItemsViewController+Cell.swift */; };
		9CD1F01C240CC99E00A46E2A /* WhatsNewViewController+Theme.swift in Sources */ = {isa = PBXBuildFile; fileRef = 9CD1F002240CC99D00A46E2A /* WhatsNewViewController+Theme.swift */; };
		9CD1F01D240CC99E00A46E2A /* InMemoryWhatsNewVersionStore.swift in Sources */ = {isa = PBXBuildFile; fileRef = 9CD1F004240CC99D00A46E2A /* InMemoryWhatsNewVersionStore.swift */; };
		9CD1F01E240CC99E00A46E2A /* KeyValueWhatsNewVersionStore.swift in Sources */ = {isa = PBXBuildFile; fileRef = 9CD1F005240CC99D00A46E2A /* KeyValueWhatsNewVersionStore.swift */; };
		9CD1F01F240CC99E00A46E2A /* WhatsNewVersionStore.swift in Sources */ = {isa = PBXBuildFile; fileRef = 9CD1F006240CC99D00A46E2A /* WhatsNewVersionStore.swift */; };
		BEAE86719D9BE6EBE2DF8B94 /* Pods_SSHS.framework in Frameworks */ = {isa = PBXBuildFile; fileRef = 3FEF2B15C39EB3EBBCE4A7AC /* Pods_SSHS.framework */; };
		F373D38655BB5DEE9D219EB2 /* Pods_SSHSTests.framework in Frameworks */ = {isa = PBXBuildFile; fileRef = F2D5BDA84220FA5441EA7537 /* Pods_SSHSTests.framework */; };
/* End PBXBuildFile section */

/* Begin PBXContainerItemProxy section */
		9C45625023EFE1FA0095D957 /* PBXContainerItemProxy */ = {
			isa = PBXContainerItemProxy;
			containerPortal = 9C45623123EFE1F40095D957 /* Project object */;
			proxyType = 1;
			remoteGlobalIDString = 9C45623823EFE1F40095D957;
			remoteInfo = SSHS;
		};
		9C45625B23EFE1FA0095D957 /* PBXContainerItemProxy */ = {
			isa = PBXContainerItemProxy;
			containerPortal = 9C45623123EFE1F40095D957 /* Project object */;
			proxyType = 1;
			remoteGlobalIDString = 9C45623823EFE1F40095D957;
			remoteInfo = SSHS;
		};
/* End PBXContainerItemProxy section */

/* Begin PBXFileReference section */
		2D3DABAD8502C65C99ECDDC0 /* Pods_SSHSUITests.framework */ = {isa = PBXFileReference; explicitFileType = wrapper.framework; includeInIndex = 0; path = Pods_SSHSUITests.framework; sourceTree = BUILT_PRODUCTS_DIR; };
		3024B904CEE55ED0DD7C4270 /* Pods-SSHS.debug.xcconfig */ = {isa = PBXFileReference; includeInIndex = 1; lastKnownFileType = text.xcconfig; name = "Pods-SSHS.debug.xcconfig"; path = "Target Support Files/Pods-SSHS/Pods-SSHS.debug.xcconfig"; sourceTree = "<group>"; };
		3FEF2B15C39EB3EBBCE4A7AC /* Pods_SSHS.framework */ = {isa = PBXFileReference; explicitFileType = wrapper.framework; includeInIndex = 0; path = Pods_SSHS.framework; sourceTree = BUILT_PRODUCTS_DIR; };
		462AC664C2FABF156736F9D6 /* Pods-SSHSUITests.release.xcconfig */ = {isa = PBXFileReference; includeInIndex = 1; lastKnownFileType = text.xcconfig; name = "Pods-SSHSUITests.release.xcconfig"; path = "Target Support Files/Pods-SSHSUITests/Pods-SSHSUITests.release.xcconfig"; sourceTree = "<group>"; };
		46BDD47779FD46423BB83EE8 /* Pods-SSHSTests.release.xcconfig */ = {isa = PBXFileReference; includeInIndex = 1; lastKnownFileType = text.xcconfig; name = "Pods-SSHSTests.release.xcconfig"; path = "Target Support Files/Pods-SSHSTests/Pods-SSHSTests.release.xcconfig"; sourceTree = "<group>"; };
		47D871F90AC2C8511A952553 /* Pods-SSHSTests.debug.xcconfig */ = {isa = PBXFileReference; includeInIndex = 1; lastKnownFileType = text.xcconfig; name = "Pods-SSHSTests.debug.xcconfig"; path = "Target Support Files/Pods-SSHSTests/Pods-SSHSTests.debug.xcconfig"; sourceTree = "<group>"; };
		8FDF6B3C999C2464538A40B1 /* Pods-SSHS.release.xcconfig */ = {isa = PBXFileReference; includeInIndex = 1; lastKnownFileType = text.xcconfig; name = "Pods-SSHS.release.xcconfig"; path = "Target Support Files/Pods-SSHS/Pods-SSHS.release.xcconfig"; sourceTree = "<group>"; };
		9C42A95E23FD979A00140F0F /* ReportViewController.swift */ = {isa = PBXFileReference; lastKnownFileType = sourcecode.swift; path = ReportViewController.swift; sourceTree = "<group>"; };
		9C45623923EFE1F40095D957 /* SSHS.app */ = {isa = PBXFileReference; explicitFileType = wrapper.application; includeInIndex = 0; path = SSHS.app; sourceTree = BUILT_PRODUCTS_DIR; };
		9C45623C23EFE1F40095D957 /* AppDelegate.swift */ = {isa = PBXFileReference; lastKnownFileType = sourcecode.swift; path = AppDelegate.swift; sourceTree = "<group>"; };
		9C45623E23EFE1F40095D957 /* SceneDelegate.swift */ = {isa = PBXFileReference; lastKnownFileType = sourcecode.swift; path = SceneDelegate.swift; sourceTree = "<group>"; };
		9C45624323EFE1F40095D957 /* Base */ = {isa = PBXFileReference; lastKnownFileType = file.storyboard; name = Base; path = Base.lproj/Main.storyboard; sourceTree = "<group>"; };
		9C45624523EFE1FA0095D957 /* Assets.xcassets */ = {isa = PBXFileReference; lastKnownFileType = folder.assetcatalog; path = Assets.xcassets; sourceTree = "<group>"; };
		9C45624823EFE1FA0095D957 /* Base */ = {isa = PBXFileReference; lastKnownFileType = file.storyboard; name = Base; path = Base.lproj/LaunchScreen.storyboard; sourceTree = "<group>"; };
		9C45624A23EFE1FA0095D957 /* Info.plist */ = {isa = PBXFileReference; lastKnownFileType = text.plist.xml; path = Info.plist; sourceTree = "<group>"; };
		9C45624F23EFE1FA0095D957 /* SSHSTests.xctest */ = {isa = PBXFileReference; explicitFileType = wrapper.cfbundle; includeInIndex = 0; path = SSHSTests.xctest; sourceTree = BUILT_PRODUCTS_DIR; };
		9C45625323EFE1FA0095D957 /* SSHSTests.swift */ = {isa = PBXFileReference; lastKnownFileType = sourcecode.swift; path = SSHSTests.swift; sourceTree = "<group>"; };
		9C45625523EFE1FA0095D957 /* Info.plist */ = {isa = PBXFileReference; lastKnownFileType = text.plist.xml; path = Info.plist; sourceTree = "<group>"; };
		9C45625A23EFE1FA0095D957 /* SSHSUITests.xctest */ = {isa = PBXFileReference; explicitFileType = wrapper.cfbundle; includeInIndex = 0; path = SSHSUITests.xctest; sourceTree = BUILT_PRODUCTS_DIR; };
		9C45625E23EFE1FA0095D957 /* SSHSUITests.swift */ = {isa = PBXFileReference; lastKnownFileType = sourcecode.swift; path = SSHSUITests.swift; sourceTree = "<group>"; };
		9C45626023EFE1FA0095D957 /* Info.plist */ = {isa = PBXFileReference; lastKnownFileType = text.plist.xml; path = Info.plist; sourceTree = "<group>"; };
		9C45626D23EFE3710095D957 /* HomeViewController.swift */ = {isa = PBXFileReference; lastKnownFileType = sourcecode.swift; path = HomeViewController.swift; sourceTree = "<group>"; };
		9C45626F23EFE37C0095D957 /* LogInViewController.swift */ = {isa = PBXFileReference; lastKnownFileType = sourcecode.swift; path = LogInViewController.swift; sourceTree = "<group>"; };
		9C45627123EFE3860095D957 /* SignUpViewController.swift */ = {isa = PBXFileReference; lastKnownFileType = sourcecode.swift; path = SignUpViewController.swift; sourceTree = "<group>"; };
		9C45627323EFE3910095D957 /* EncoreViewController.swift */ = {isa = PBXFileReference; lastKnownFileType = sourcecode.swift; path = EncoreViewController.swift; sourceTree = "<group>"; };
		9C45627523EFE3A20095D957 /* eSchoolViewController.swift */ = {isa = PBXFileReference; lastKnownFileType = sourcecode.swift; path = eSchoolViewController.swift; sourceTree = "<group>"; };
		9C45627723EFE3AE0095D957 /* IDViewController.swift */ = {isa = PBXFileReference; lastKnownFileType = sourcecode.swift; path = IDViewController.swift; sourceTree = "<group>"; };
		9C45627923EFE3B90095D957 /* WelcomeViewController.swift */ = {isa = PBXFileReference; lastKnownFileType = sourcecode.swift; path = WelcomeViewController.swift; sourceTree = "<group>"; };
		9C45627E23EFE7430095D957 /* Utilities.swift */ = {isa = PBXFileReference; fileEncoding = 4; lastKnownFileType = sourcecode.swift; path = Utilities.swift; sourceTree = "<group>"; };
		9C45628023EFEC560095D957 /* GoogleService-Info.plist */ = {isa = PBXFileReference; fileEncoding = 4; lastKnownFileType = text.plist.xml; path = "GoogleService-Info.plist"; sourceTree = "<group>"; };
		9C5E785C23FE2D3400A3FCCD /* es */ = {isa = PBXFileReference; lastKnownFileType = text.plist.strings; name = es; path = es.lproj/Main.strings; sourceTree = "<group>"; };
		9C5E785D23FE2D3400A3FCCD /* es */ = {isa = PBXFileReference; lastKnownFileType = text.plist.strings; name = es; path = es.lproj/LaunchScreen.strings; sourceTree = "<group>"; };
		9C5E785E23FE2D4100A3FCCD /* es-419 */ = {isa = PBXFileReference; lastKnownFileType = text.plist.strings; name = "es-419"; path = "es-419.lproj/Main.strings"; sourceTree = "<group>"; };
		9C5E785F23FE2D4100A3FCCD /* es-419 */ = {isa = PBXFileReference; lastKnownFileType = text.plist.strings; name = "es-419"; path = "es-419.lproj/LaunchScreen.strings"; sourceTree = "<group>"; };
		9C77740C23F0C1EF0007365B /* introvideo.mp4 */ = {isa = PBXFileReference; lastKnownFileType = file; path = introvideo.mp4; sourceTree = "<group>"; };
		9C7C4BB523F001BC002A6C02 /* Constants.swift */ = {isa = PBXFileReference; fileEncoding = 4; lastKnownFileType = sourcecode.swift; path = Constants.swift; sourceTree = "<group>"; };
		9C7C4BB923F0949B002A6C02 /* WebKit.framework */ = {isa = PBXFileReference; lastKnownFileType = wrapper.framework; name = WebKit.framework; path = System/Library/Frameworks/WebKit.framework; sourceTree = SDKROOT; };
		9CD1EFE6240CC99D00A46E2A /* WhatsNewViewController+TitleView.swift */ = {isa = PBXFileReference; fileEncoding = 4; lastKnownFileType = sourcecode.swift; path = "WhatsNewViewController+TitleView.swift"; sourceTree = "<group>"; };
		9CD1EFE7240CC99D00A46E2A /* WhatsNewViewController+CompletionButton.swift */ = {isa = PBXFileReference; fileEncoding = 4; lastKnownFileType = sourcecode.swift; path = "WhatsNewViewController+CompletionButton.swift"; sourceTree = "<group>"; };
		9CD1EFE8240CC99D00A46E2A /* WhatsNewViewController+HapticFeedback.swift */ = {isa = PBXFileReference; fileEncoding = 4; lastKnownFileType = sourcecode.swift; path = "WhatsNewViewController+HapticFeedback.swift"; sourceTree = "<group>"; };
		9CD1EFE9240CC99D00A46E2A /* WhatsNewViewController+Animation.swift */ = {isa = PBXFileReference; fileEncoding = 4; lastKnownFileType = sourcecode.swift; path = "WhatsNewViewController+Animation.swift"; sourceTree = "<group>"; };
		9CD1EFEA240CC99D00A46E2A /* WhatsNewViewController+ItemsView.swift */ = {isa = PBXFileReference; fileEncoding = 4; lastKnownFileType = sourcecode.swift; path = "WhatsNewViewController+ItemsView.swift"; sourceTree = "<group>"; };
		9CD1EFEB240CC99D00A46E2A /* WhatsNewViewController+Configuration.swift */ = {isa = PBXFileReference; fileEncoding = 4; lastKnownFileType = sourcecode.swift; path = "WhatsNewViewController+Configuration.swift"; sourceTree = "<group>"; };
		9CD1EFEC240CC99D00A46E2A /* WhatsNewViewController+DetailButton.swift */ = {isa = PBXFileReference; fileEncoding = 4; lastKnownFileType = sourcecode.swift; path = "WhatsNewViewController+DetailButton.swift"; sourceTree = "<group>"; };
		9CD1EFED240CC99D00A46E2A /* WhatsNewViewController.swift */ = {isa = PBXFileReference; fileEncoding = 4; lastKnownFileType = sourcecode.swift; path = WhatsNewViewController.swift; sourceTree = "<group>"; };
		9CD1EFEF240CC99D00A46E2A /* WhatsNew+Version.swift */ = {isa = PBXFileReference; fileEncoding = 4; lastKnownFileType = sourcecode.swift; path = "WhatsNew+Version.swift"; sourceTree = "<group>"; };
		9CD1EFF0240CC99D00A46E2A /* WhatsNew+Item.swift */ = {isa = PBXFileReference; fileEncoding = 4; lastKnownFileType = sourcecode.swift; path = "WhatsNew+Item.swift"; sourceTree = "<group>"; };
		9CD1EFF1240CC99D00A46E2A /* WhatsNew.swift */ = {isa = PBXFileReference; fileEncoding = 4; lastKnownFileType = sourcecode.swift; path = WhatsNew.swift; sourceTree = "<group>"; };
		9CD1EFF3240CC99D00A46E2A /* UIViewController+AddChild.swift */ = {isa = PBXFileReference; fileEncoding = 4; lastKnownFileType = sourcecode.swift; path = "UIViewController+AddChild.swift"; sourceTree = "<group>"; };
		9CD1EFF4240CC99D00A46E2A /* NSLayoutConstraint+Activate.swift */ = {isa = PBXFileReference; fileEncoding = 4; lastKnownFileType = sourcecode.swift; path = "NSLayoutConstraint+Activate.swift"; sourceTree = "<group>"; };
		9CD1EFF5240CC99D00A46E2A /* UIColor+Defaults.swift */ = {isa = PBXFileReference; fileEncoding = 4; lastKnownFileType = sourcecode.swift; path = "UIColor+Defaults.swift"; sourceTree = "<group>"; };
		9CD1EFF6240CC99D00A46E2A /* Sequence+WhatsNew.swift */ = {isa = PBXFileReference; fileEncoding = 4; lastKnownFileType = sourcecode.swift; path = "Sequence+WhatsNew.swift"; sourceTree = "<group>"; };
		9CD1EFF9240CC99D00A46E2A /* WhatsNewButtonViewController+DetailButton.swift */ = {isa = PBXFileReference; fileEncoding = 4; lastKnownFileType = sourcecode.swift; path = "WhatsNewButtonViewController+DetailButton.swift"; sourceTree = "<group>"; };
		9CD1EFFA240CC99D00A46E2A /* WhatsNewButtonViewController+CompletionButton.swift */ = {isa = PBXFileReference; fileEncoding = 4; lastKnownFileType = sourcecode.swift; path = "WhatsNewButtonViewController+CompletionButton.swift"; sourceTree = "<group>"; };
		9CD1EFFB240CC99D00A46E2A /* WhatsNewButtonViewController.swift */ = {isa = PBXFileReference; fileEncoding = 4; lastKnownFileType = sourcecode.swift; path = WhatsNewButtonViewController.swift; sourceTree = "<group>"; };
		9CD1EFFD240CC99D00A46E2A /* WhatsNewTitleViewController.swift */ = {isa = PBXFileReference; fileEncoding = 4; lastKnownFileType = sourcecode.swift; path = WhatsNewTitleViewController.swift; sourceTree = "<group>"; };
		9CD1EFFF240CC99D00A46E2A /* WhatsNewItemsViewController.swift */ = {isa = PBXFileReference; fileEncoding = 4; lastKnownFileType = sourcecode.swift; path = WhatsNewItemsViewController.swift; sourceTree = "<group>"; };
		9CD1F000240CC99D00A46E2A /* WhatsNewItemsViewController+Cell.swift */ = {isa = PBXFileReference; fileEncoding = 4; lastKnownFileType = sourcecode.swift; path = "WhatsNewItemsViewController+Cell.swift"; sourceTree = "<group>"; };
		9CD1F002240CC99D00A46E2A /* WhatsNewViewController+Theme.swift */ = {isa = PBXFileReference; fileEncoding = 4; lastKnownFileType = sourcecode.swift; path = "WhatsNewViewController+Theme.swift"; sourceTree = "<group>"; };
		9CD1F004240CC99D00A46E2A /* InMemoryWhatsNewVersionStore.swift */ = {isa = PBXFileReference; fileEncoding = 4; lastKnownFileType = sourcecode.swift; path = InMemoryWhatsNewVersionStore.swift; sourceTree = "<group>"; };
		9CD1F005240CC99D00A46E2A /* KeyValueWhatsNewVersionStore.swift */ = {isa = PBXFileReference; fileEncoding = 4; lastKnownFileType = sourcecode.swift; path = KeyValueWhatsNewVersionStore.swift; sourceTree = "<group>"; };
		9CD1F006240CC99D00A46E2A /* WhatsNewVersionStore.swift */ = {isa = PBXFileReference; fileEncoding = 4; lastKnownFileType = sourcecode.swift; path = WhatsNewVersionStore.swift; sourceTree = "<group>"; };
		ECD5686A427508340F24ADF9 /* Pods-SSHSUITests.debug.xcconfig */ = {isa = PBXFileReference; includeInIndex = 1; lastKnownFileType = text.xcconfig; name = "Pods-SSHSUITests.debug.xcconfig"; path = "Target Support Files/Pods-SSHSUITests/Pods-SSHSUITests.debug.xcconfig"; sourceTree = "<group>"; };
		F2D5BDA84220FA5441EA7537 /* Pods_SSHSTests.framework */ = {isa = PBXFileReference; explicitFileType = wrapper.framework; includeInIndex = 0; path = Pods_SSHSTests.framework; sourceTree = BUILT_PRODUCTS_DIR; };
/* End PBXFileReference section */

/* Begin PBXFrameworksBuildPhase section */
		9C45623623EFE1F40095D957 /* Frameworks */ = {
			isa = PBXFrameworksBuildPhase;
			buildActionMask = 2147483647;
			files = (
				9C7C4BBA23F0949C002A6C02 /* WebKit.framework in Frameworks */,
				BEAE86719D9BE6EBE2DF8B94 /* Pods_SSHS.framework in Frameworks */,
			);
			runOnlyForDeploymentPostprocessing = 0;
		};
		9C45624C23EFE1FA0095D957 /* Frameworks */ = {
			isa = PBXFrameworksBuildPhase;
			buildActionMask = 2147483647;
			files = (
				F373D38655BB5DEE9D219EB2 /* Pods_SSHSTests.framework in Frameworks */,
			);
			runOnlyForDeploymentPostprocessing = 0;
		};
		9C45625723EFE1FA0095D957 /* Frameworks */ = {
			isa = PBXFrameworksBuildPhase;
			buildActionMask = 2147483647;
			files = (
				7BEEB3CB4A826F407825D57F /* Pods_SSHSUITests.framework in Frameworks */,
			);
			runOnlyForDeploymentPostprocessing = 0;
		};
/* End PBXFrameworksBuildPhase section */

/* Begin PBXGroup section */
		917FB4455C78D97C1E3A8DB7 /* Frameworks */ = {
			isa = PBXGroup;
			children = (
				9C7C4BB923F0949B002A6C02 /* WebKit.framework */,
				3FEF2B15C39EB3EBBCE4A7AC /* Pods_SSHS.framework */,
				F2D5BDA84220FA5441EA7537 /* Pods_SSHSTests.framework */,
				2D3DABAD8502C65C99ECDDC0 /* Pods_SSHSUITests.framework */,
			);
			name = Frameworks;
			sourceTree = "<group>";
		};
		9C45623023EFE1F40095D957 = {
			isa = PBXGroup;
			children = (
				9C45623B23EFE1F40095D957 /* SSHS */,
				9C45625223EFE1FA0095D957 /* SSHSTests */,
				9C45625D23EFE1FA0095D957 /* SSHSUITests */,
				9C45623A23EFE1F40095D957 /* Products */,
				CF05C5EB1159195B7B0BFB78 /* Pods */,
				917FB4455C78D97C1E3A8DB7 /* Frameworks */,
			);
			sourceTree = "<group>";
		};
		9C45623A23EFE1F40095D957 /* Products */ = {
			isa = PBXGroup;
			children = (
				9C45623923EFE1F40095D957 /* SSHS.app */,
				9C45624F23EFE1FA0095D957 /* SSHSTests.xctest */,
				9C45625A23EFE1FA0095D957 /* SSHSUITests.xctest */,
			);
			name = Products;
			sourceTree = "<group>";
		};
		9C45623B23EFE1F40095D957 /* SSHS */ = {
			isa = PBXGroup;
			children = (
				9CD1EFE4240CC99D00A46E2A /* Sources */,
				9C45627B23EFE7030095D957 /* Helpers */,
				9C45626C23EFE35B0095D957 /* ViewControllers */,
				9C45623C23EFE1F40095D957 /* AppDelegate.swift */,
				9C45623E23EFE1F40095D957 /* SceneDelegate.swift */,
				9C45624223EFE1F40095D957 /* Main.storyboard */,
				9C77740C23F0C1EF0007365B /* introvideo.mp4 */,
				9C45624523EFE1FA0095D957 /* Assets.xcassets */,
				9C45624723EFE1FA0095D957 /* LaunchScreen.storyboard */,
				9C45628023EFEC560095D957 /* GoogleService-Info.plist */,
				9C45624A23EFE1FA0095D957 /* Info.plist */,
			);
			path = SSHS;
			sourceTree = "<group>";
		};
		9C45625223EFE1FA0095D957 /* SSHSTests */ = {
			isa = PBXGroup;
			children = (
				9C45625323EFE1FA0095D957 /* SSHSTests.swift */,
				9C45625523EFE1FA0095D957 /* Info.plist */,
			);
			path = SSHSTests;
			sourceTree = "<group>";
		};
		9C45625D23EFE1FA0095D957 /* SSHSUITests */ = {
			isa = PBXGroup;
			children = (
				9C45625E23EFE1FA0095D957 /* SSHSUITests.swift */,
				9C45626023EFE1FA0095D957 /* Info.plist */,
			);
			path = SSHSUITests;
			sourceTree = "<group>";
		};
		9C45626C23EFE35B0095D957 /* ViewControllers */ = {
			isa = PBXGroup;
			children = (
				9C45626D23EFE3710095D957 /* HomeViewController.swift */,
				9C45626F23EFE37C0095D957 /* LogInViewController.swift */,
				9C45627123EFE3860095D957 /* SignUpViewController.swift */,
				9C45627323EFE3910095D957 /* EncoreViewController.swift */,
				9C45627523EFE3A20095D957 /* eSchoolViewController.swift */,
				9C45627723EFE3AE0095D957 /* IDViewController.swift */,
				9C45627923EFE3B90095D957 /* WelcomeViewController.swift */,
				9C42A95E23FD979A00140F0F /* ReportViewController.swift */,
			);
			path = ViewControllers;
			sourceTree = "<group>";
		};
		9C45627B23EFE7030095D957 /* Helpers */ = {
			isa = PBXGroup;
			children = (
				9C7C4BB523F001BC002A6C02 /* Constants.swift */,
				9C45627E23EFE7430095D957 /* Utilities.swift */,
			);
			path = Helpers;
			sourceTree = "<group>";
		};
		9CD1EFE4240CC99D00A46E2A /* Sources */ = {
			isa = PBXGroup;
			children = (
				9CD1EFE5240CC99D00A46E2A /* Configuration */,
				9CD1EFED240CC99D00A46E2A /* WhatsNewViewController.swift */,
				9CD1EFEE240CC99D00A46E2A /* Models */,
				9CD1EFF2240CC99D00A46E2A /* Extensions */,
				9CD1EFF7240CC99D00A46E2A /* Components */,
				9CD1F001240CC99D00A46E2A /* Theme */,
				9CD1F003240CC99D00A46E2A /* Store */,
			);
			path = Sources;
			sourceTree = "<group>";
		};
		9CD1EFE5240CC99D00A46E2A /* Configuration */ = {
			isa = PBXGroup;
			children = (
				9CD1EFE6240CC99D00A46E2A /* WhatsNewViewController+TitleView.swift */,
				9CD1EFE7240CC99D00A46E2A /* WhatsNewViewController+CompletionButton.swift */,
				9CD1EFE8240CC99D00A46E2A /* WhatsNewViewController+HapticFeedback.swift */,
				9CD1EFE9240CC99D00A46E2A /* WhatsNewViewController+Animation.swift */,
				9CD1EFEA240CC99D00A46E2A /* WhatsNewViewController+ItemsView.swift */,
				9CD1EFEB240CC99D00A46E2A /* WhatsNewViewController+Configuration.swift */,
				9CD1EFEC240CC99D00A46E2A /* WhatsNewViewController+DetailButton.swift */,
			);
			path = Configuration;
			sourceTree = "<group>";
		};
		9CD1EFEE240CC99D00A46E2A /* Models */ = {
			isa = PBXGroup;
			children = (
				9CD1EFEF240CC99D00A46E2A /* WhatsNew+Version.swift */,
				9CD1EFF0240CC99D00A46E2A /* WhatsNew+Item.swift */,
				9CD1EFF1240CC99D00A46E2A /* WhatsNew.swift */,
			);
			path = Models;
			sourceTree = "<group>";
		};
		9CD1EFF2240CC99D00A46E2A /* Extensions */ = {
			isa = PBXGroup;
			children = (
				9CD1EFF3240CC99D00A46E2A /* UIViewController+AddChild.swift */,
				9CD1EFF4240CC99D00A46E2A /* NSLayoutConstraint+Activate.swift */,
				9CD1EFF5240CC99D00A46E2A /* UIColor+Defaults.swift */,
				9CD1EFF6240CC99D00A46E2A /* Sequence+WhatsNew.swift */,
			);
			path = Extensions;
			sourceTree = "<group>";
		};
		9CD1EFF7240CC99D00A46E2A /* Components */ = {
			isa = PBXGroup;
			children = (
				9CD1EFF8240CC99D00A46E2A /* Buttons */,
				9CD1EFFC240CC99D00A46E2A /* Title */,
				9CD1EFFE240CC99D00A46E2A /* Items */,
			);
			path = Components;
			sourceTree = "<group>";
		};
		9CD1EFF8240CC99D00A46E2A /* Buttons */ = {
			isa = PBXGroup;
			children = (
				9CD1EFF9240CC99D00A46E2A /* WhatsNewButtonViewController+DetailButton.swift */,
				9CD1EFFA240CC99D00A46E2A /* WhatsNewButtonViewController+CompletionButton.swift */,
				9CD1EFFB240CC99D00A46E2A /* WhatsNewButtonViewController.swift */,
			);
			path = Buttons;
			sourceTree = "<group>";
		};
		9CD1EFFC240CC99D00A46E2A /* Title */ = {
			isa = PBXGroup;
			children = (
				9CD1EFFD240CC99D00A46E2A /* WhatsNewTitleViewController.swift */,
			);
			path = Title;
			sourceTree = "<group>";
		};
		9CD1EFFE240CC99D00A46E2A /* Items */ = {
			isa = PBXGroup;
			children = (
				9CD1EFFF240CC99D00A46E2A /* WhatsNewItemsViewController.swift */,
				9CD1F000240CC99D00A46E2A /* WhatsNewItemsViewController+Cell.swift */,
			);
			path = Items;
			sourceTree = "<group>";
		};
		9CD1F001240CC99D00A46E2A /* Theme */ = {
			isa = PBXGroup;
			children = (
				9CD1F002240CC99D00A46E2A /* WhatsNewViewController+Theme.swift */,
			);
			path = Theme;
			sourceTree = "<group>";
		};
		9CD1F003240CC99D00A46E2A /* Store */ = {
			isa = PBXGroup;
			children = (
				9CD1F004240CC99D00A46E2A /* InMemoryWhatsNewVersionStore.swift */,
				9CD1F005240CC99D00A46E2A /* KeyValueWhatsNewVersionStore.swift */,
				9CD1F006240CC99D00A46E2A /* WhatsNewVersionStore.swift */,
			);
			path = Store;
			sourceTree = "<group>";
		};
		CF05C5EB1159195B7B0BFB78 /* Pods */ = {
			isa = PBXGroup;
			children = (
				3024B904CEE55ED0DD7C4270 /* Pods-SSHS.debug.xcconfig */,
				8FDF6B3C999C2464538A40B1 /* Pods-SSHS.release.xcconfig */,
				47D871F90AC2C8511A952553 /* Pods-SSHSTests.debug.xcconfig */,
				46BDD47779FD46423BB83EE8 /* Pods-SSHSTests.release.xcconfig */,
				ECD5686A427508340F24ADF9 /* Pods-SSHSUITests.debug.xcconfig */,
				462AC664C2FABF156736F9D6 /* Pods-SSHSUITests.release.xcconfig */,
			);
			path = Pods;
			sourceTree = "<group>";
		};
/* End PBXGroup section */

/* Begin PBXNativeTarget section */
		9C45623823EFE1F40095D957 /* SSHS */ = {
			isa = PBXNativeTarget;
			buildConfigurationList = 9C45626323EFE1FA0095D957 /* Build configuration list for PBXNativeTarget "SSHS" */;
			buildPhases = (
				BF560D635301E7D9EF629887 /* [CP] Check Pods Manifest.lock */,
				9C45623523EFE1F40095D957 /* Sources */,
				9C45623623EFE1F40095D957 /* Frameworks */,
				9C45623723EFE1F40095D957 /* Resources */,
				A18A3298C0EA82E4D2987AE1 /* [CP] Embed Pods Frameworks */,
			);
			buildRules = (
			);
			dependencies = (
			);
			name = SSHS;
			productName = SSHS;
			productReference = 9C45623923EFE1F40095D957 /* SSHS.app */;
			productType = "com.apple.product-type.application";
		};
		9C45624E23EFE1FA0095D957 /* SSHSTests */ = {
			isa = PBXNativeTarget;
			buildConfigurationList = 9C45626623EFE1FA0095D957 /* Build configuration list for PBXNativeTarget "SSHSTests" */;
			buildPhases = (
				430FEA29DFC602C174AB8CE8 /* [CP] Check Pods Manifest.lock */,
				9C45624B23EFE1FA0095D957 /* Sources */,
				9C45624C23EFE1FA0095D957 /* Frameworks */,
				9C45624D23EFE1FA0095D957 /* Resources */,
			);
			buildRules = (
			);
			dependencies = (
				9C45625123EFE1FA0095D957 /* PBXTargetDependency */,
			);
			name = SSHSTests;
			productName = SSHSTests;
			productReference = 9C45624F23EFE1FA0095D957 /* SSHSTests.xctest */;
			productType = "com.apple.product-type.bundle.unit-test";
		};
		9C45625923EFE1FA0095D957 /* SSHSUITests */ = {
			isa = PBXNativeTarget;
			buildConfigurationList = 9C45626923EFE1FA0095D957 /* Build configuration list for PBXNativeTarget "SSHSUITests" */;
			buildPhases = (
				B23229C88D914E3EF306BA7A /* [CP] Check Pods Manifest.lock */,
				9C45625623EFE1FA0095D957 /* Sources */,
				9C45625723EFE1FA0095D957 /* Frameworks */,
				9C45625823EFE1FA0095D957 /* Resources */,
			);
			buildRules = (
			);
			dependencies = (
				9C45625C23EFE1FA0095D957 /* PBXTargetDependency */,
			);
			name = SSHSUITests;
			productName = SSHSUITests;
			productReference = 9C45625A23EFE1FA0095D957 /* SSHSUITests.xctest */;
			productType = "com.apple.product-type.bundle.ui-testing";
		};
/* End PBXNativeTarget section */

/* Begin PBXProject section */
		9C45623123EFE1F40095D957 /* Project object */ = {
			isa = PBXProject;
			attributes = {
				LastSwiftUpdateCheck = 1120;
				LastUpgradeCheck = 1120;
				ORGANIZATIONNAME = test;
				TargetAttributes = {
					9C45623823EFE1F40095D957 = {
						CreatedOnToolsVersion = 11.2.1;
					};
					9C45624E23EFE1FA0095D957 = {
						CreatedOnToolsVersion = 11.2.1;
						TestTargetID = 9C45623823EFE1F40095D957;
					};
					9C45625923EFE1FA0095D957 = {
						CreatedOnToolsVersion = 11.2.1;
						TestTargetID = 9C45623823EFE1F40095D957;
					};
				};
			};
			buildConfigurationList = 9C45623423EFE1F40095D957 /* Build configuration list for PBXProject "SSHS" */;
			compatibilityVersion = "Xcode 9.3";
			developmentRegion = en;
			hasScannedForEncodings = 0;
			knownRegions = (
				en,
				Base,
				es,
				"es-419",
			);
			mainGroup = 9C45623023EFE1F40095D957;
			productRefGroup = 9C45623A23EFE1F40095D957 /* Products */;
			projectDirPath = "";
			projectRoot = "";
			targets = (
				9C45623823EFE1F40095D957 /* SSHS */,
				9C45624E23EFE1FA0095D957 /* SSHSTests */,
				9C45625923EFE1FA0095D957 /* SSHSUITests */,
			);
		};
/* End PBXProject section */

/* Begin PBXResourcesBuildPhase section */
		9C45623723EFE1F40095D957 /* Resources */ = {
			isa = PBXResourcesBuildPhase;
			buildActionMask = 2147483647;
			files = (
				9C45624923EFE1FA0095D957 /* LaunchScreen.storyboard in Resources */,
				9C45628123EFEC560095D957 /* GoogleService-Info.plist in Resources */,
				9C45624623EFE1FA0095D957 /* Assets.xcassets in Resources */,
				9C77740D23F0C1F00007365B /* introvideo.mp4 in Resources */,
				9C45624423EFE1F40095D957 /* Main.storyboard in Resources */,
			);
			runOnlyForDeploymentPostprocessing = 0;
		};
		9C45624D23EFE1FA0095D957 /* Resources */ = {
			isa = PBXResourcesBuildPhase;
			buildActionMask = 2147483647;
			files = (
			);
			runOnlyForDeploymentPostprocessing = 0;
		};
		9C45625823EFE1FA0095D957 /* Resources */ = {
			isa = PBXResourcesBuildPhase;
			buildActionMask = 2147483647;
			files = (
			);
			runOnlyForDeploymentPostprocessing = 0;
		};
/* End PBXResourcesBuildPhase section */

/* Begin PBXShellScriptBuildPhase section */
		430FEA29DFC602C174AB8CE8 /* [CP] Check Pods Manifest.lock */ = {
			isa = PBXShellScriptBuildPhase;
			buildActionMask = 2147483647;
			files = (
			);
			inputFileListPaths = (
			);
			inputPaths = (
				"${PODS_PODFILE_DIR_PATH}/Podfile.lock",
				"${PODS_ROOT}/Manifest.lock",
			);
			name = "[CP] Check Pods Manifest.lock";
			outputFileListPaths = (
			);
			outputPaths = (
				"$(DERIVED_FILE_DIR)/Pods-SSHSTests-checkManifestLockResult.txt",
			);
			runOnlyForDeploymentPostprocessing = 0;
			shellPath = /bin/sh;
			shellScript = "diff \"${PODS_PODFILE_DIR_PATH}/Podfile.lock\" \"${PODS_ROOT}/Manifest.lock\" > /dev/null\nif [ $? != 0 ] ; then\n    # print error to STDERR\n    echo \"error: The sandbox is not in sync with the Podfile.lock. Run 'pod install' or update your CocoaPods installation.\" >&2\n    exit 1\nfi\n# This output is used by Xcode 'outputs' to avoid re-running this script phase.\necho \"SUCCESS\" > \"${SCRIPT_OUTPUT_FILE_0}\"\n";
			showEnvVarsInLog = 0;
		};
		A18A3298C0EA82E4D2987AE1 /* [CP] Embed Pods Frameworks */ = {
			isa = PBXShellScriptBuildPhase;
			buildActionMask = 2147483647;
			files = (
			);
			inputFileListPaths = (
				"${PODS_ROOT}/Target Support Files/Pods-SSHS/Pods-SSHS-frameworks-${CONFIGURATION}-input-files.xcfilelist",
			);
			name = "[CP] Embed Pods Frameworks";
			outputFileListPaths = (
				"${PODS_ROOT}/Target Support Files/Pods-SSHS/Pods-SSHS-frameworks-${CONFIGURATION}-output-files.xcfilelist",
			);
			runOnlyForDeploymentPostprocessing = 0;
			shellPath = /bin/sh;
			shellScript = "\"${PODS_ROOT}/Target Support Files/Pods-SSHS/Pods-SSHS-frameworks.sh\"\n";
			showEnvVarsInLog = 0;
		};
		B23229C88D914E3EF306BA7A /* [CP] Check Pods Manifest.lock */ = {
			isa = PBXShellScriptBuildPhase;
			buildActionMask = 2147483647;
			files = (
			);
			inputFileListPaths = (
			);
			inputPaths = (
				"${PODS_PODFILE_DIR_PATH}/Podfile.lock",
				"${PODS_ROOT}/Manifest.lock",
			);
			name = "[CP] Check Pods Manifest.lock";
			outputFileListPaths = (
			);
			outputPaths = (
				"$(DERIVED_FILE_DIR)/Pods-SSHSUITests-checkManifestLockResult.txt",
			);
			runOnlyForDeploymentPostprocessing = 0;
			shellPath = /bin/sh;
			shellScript = "diff \"${PODS_PODFILE_DIR_PATH}/Podfile.lock\" \"${PODS_ROOT}/Manifest.lock\" > /dev/null\nif [ $? != 0 ] ; then\n    # print error to STDERR\n    echo \"error: The sandbox is not in sync with the Podfile.lock. Run 'pod install' or update your CocoaPods installation.\" >&2\n    exit 1\nfi\n# This output is used by Xcode 'outputs' to avoid re-running this script phase.\necho \"SUCCESS\" > \"${SCRIPT_OUTPUT_FILE_0}\"\n";
			showEnvVarsInLog = 0;
		};
		BF560D635301E7D9EF629887 /* [CP] Check Pods Manifest.lock */ = {
			isa = PBXShellScriptBuildPhase;
			buildActionMask = 2147483647;
			files = (
			);
			inputFileListPaths = (
			);
			inputPaths = (
				"${PODS_PODFILE_DIR_PATH}/Podfile.lock",
				"${PODS_ROOT}/Manifest.lock",
			);
			name = "[CP] Check Pods Manifest.lock";
			outputFileListPaths = (
			);
			outputPaths = (
				"$(DERIVED_FILE_DIR)/Pods-SSHS-checkManifestLockResult.txt",
			);
			runOnlyForDeploymentPostprocessing = 0;
			shellPath = /bin/sh;
			shellScript = "diff \"${PODS_PODFILE_DIR_PATH}/Podfile.lock\" \"${PODS_ROOT}/Manifest.lock\" > /dev/null\nif [ $? != 0 ] ; then\n    # print error to STDERR\n    echo \"error: The sandbox is not in sync with the Podfile.lock. Run 'pod install' or update your CocoaPods installation.\" >&2\n    exit 1\nfi\n# This output is used by Xcode 'outputs' to avoid re-running this script phase.\necho \"SUCCESS\" > \"${SCRIPT_OUTPUT_FILE_0}\"\n";
			showEnvVarsInLog = 0;
		};
/* End PBXShellScriptBuildPhase section */

/* Begin PBXSourcesBuildPhase section */
		9C45623523EFE1F40095D957 /* Sources */ = {
			isa = PBXSourcesBuildPhase;
			buildActionMask = 2147483647;
			files = (
				9CD1F00C240CC99E00A46E2A /* WhatsNewViewController+Configuration.swift in Sources */,
				9C45627223EFE3860095D957 /* SignUpViewController.swift in Sources */,
				9CD1F01D240CC99E00A46E2A /* InMemoryWhatsNewVersionStore.swift in Sources */,
				9CD1F00F240CC99E00A46E2A /* WhatsNew+Version.swift in Sources */,
				9CD1F010240CC99E00A46E2A /* WhatsNew+Item.swift in Sources */,
				9C42A95F23FD979A00140F0F /* ReportViewController.swift in Sources */,
				9C7C4BB623F001BC002A6C02 /* Constants.swift in Sources */,
				9CD1F01E240CC99E00A46E2A /* KeyValueWhatsNewVersionStore.swift in Sources */,
				9C45627A23EFE3B90095D957 /* WelcomeViewController.swift in Sources */,
				9CD1F018240CC99E00A46E2A /* WhatsNewButtonViewController.swift in Sources */,
				9CD1F012240CC99E00A46E2A /* UIViewController+AddChild.swift in Sources */,
				9CD1F009240CC99E00A46E2A /* WhatsNewViewController+HapticFeedback.swift in Sources */,
				9CD1F01A240CC99E00A46E2A /* WhatsNewItemsViewController.swift in Sources */,
				9C45627623EFE3A20095D957 /* eSchoolViewController.swift in Sources */,
				9CD1F007240CC99E00A46E2A /* WhatsNewViewController+TitleView.swift in Sources */,
				9CD1F01C240CC99E00A46E2A /* WhatsNewViewController+Theme.swift in Sources */,
				9C45623D23EFE1F40095D957 /* AppDelegate.swift in Sources */,
				9CD1F008240CC99E00A46E2A /* WhatsNewViewController+CompletionButton.swift in Sources */,
				9C45623F23EFE1F40095D957 /* SceneDelegate.swift in Sources */,
				9CD1F00E240CC99E00A46E2A /* WhatsNewViewController.swift in Sources */,
				9CD1F01B240CC99E00A46E2A /* WhatsNewItemsViewController+Cell.swift in Sources */,
				9CD1F014240CC99E00A46E2A /* UIColor+Defaults.swift in Sources */,
				9CD1F011240CC99E00A46E2A /* WhatsNew.swift in Sources */,
				9C45627023EFE37C0095D957 /* LogInViewController.swift in Sources */,
				9CD1F015240CC99E00A46E2A /* Sequence+WhatsNew.swift in Sources */,
				9CD1F01F240CC99E00A46E2A /* WhatsNewVersionStore.swift in Sources */,
				9C45626E23EFE3710095D957 /* HomeViewController.swift in Sources */,
				9CD1F00A240CC99E00A46E2A /* WhatsNewViewController+Animation.swift in Sources */,
				9CD1F00D240CC99E00A46E2A /* WhatsNewViewController+DetailButton.swift in Sources */,
				9CD1F013240CC99E00A46E2A /* NSLayoutConstraint+Activate.swift in Sources */,
				9CD1F017240CC99E00A46E2A /* WhatsNewButtonViewController+CompletionButton.swift in Sources */,
				9CD1F00B240CC99E00A46E2A /* WhatsNewViewController+ItemsView.swift in Sources */,
				9CD1F019240CC99E00A46E2A /* WhatsNewTitleViewController.swift in Sources */,
				9CD1F016240CC99E00A46E2A /* WhatsNewButtonViewController+DetailButton.swift in Sources */,
				9C45627423EFE3910095D957 /* EncoreViewController.swift in Sources */,
				9C45627F23EFE7430095D957 /* Utilities.swift in Sources */,
				9C45627823EFE3AE0095D957 /* IDViewController.swift in Sources */,
			);
			runOnlyForDeploymentPostprocessing = 0;
		};
		9C45624B23EFE1FA0095D957 /* Sources */ = {
			isa = PBXSourcesBuildPhase;
			buildActionMask = 2147483647;
			files = (
				9C45625423EFE1FA0095D957 /* SSHSTests.swift in Sources */,
			);
			runOnlyForDeploymentPostprocessing = 0;
		};
		9C45625623EFE1FA0095D957 /* Sources */ = {
			isa = PBXSourcesBuildPhase;
			buildActionMask = 2147483647;
			files = (
				9C45625F23EFE1FA0095D957 /* SSHSUITests.swift in Sources */,
			);
			runOnlyForDeploymentPostprocessing = 0;
		};
/* End PBXSourcesBuildPhase section */

/* Begin PBXTargetDependency section */
		9C45625123EFE1FA0095D957 /* PBXTargetDependency */ = {
			isa = PBXTargetDependency;
			target = 9C45623823EFE1F40095D957 /* SSHS */;
			targetProxy = 9C45625023EFE1FA0095D957 /* PBXContainerItemProxy */;
		};
		9C45625C23EFE1FA0095D957 /* PBXTargetDependency */ = {
			isa = PBXTargetDependency;
			target = 9C45623823EFE1F40095D957 /* SSHS */;
			targetProxy = 9C45625B23EFE1FA0095D957 /* PBXContainerItemProxy */;
		};
/* End PBXTargetDependency section */

/* Begin PBXVariantGroup section */
		9C45624223EFE1F40095D957 /* Main.storyboard */ = {
			isa = PBXVariantGroup;
			children = (
				9C45624323EFE1F40095D957 /* Base */,
				9C5E785C23FE2D3400A3FCCD /* es */,
				9C5E785E23FE2D4100A3FCCD /* es-419 */,
			);
			name = Main.storyboard;
			sourceTree = "<group>";
		};
		9C45624723EFE1FA0095D957 /* LaunchScreen.storyboard */ = {
			isa = PBXVariantGroup;
			children = (
				9C45624823EFE1FA0095D957 /* Base */,
				9C5E785D23FE2D3400A3FCCD /* es */,
				9C5E785F23FE2D4100A3FCCD /* es-419 */,
			);
			name = LaunchScreen.storyboard;
			sourceTree = "<group>";
		};
/* End PBXVariantGroup section */

/* Begin XCBuildConfiguration section */
		9C45626123EFE1FA0095D957 /* Debug */ = {
			isa = XCBuildConfiguration;
			buildSettings = {
				ALWAYS_SEARCH_USER_PATHS = NO;
				CLANG_ANALYZER_LOCALIZABILITY_NONLOCALIZED = YES;
				CLANG_ANALYZER_NONNULL = YES;
				CLANG_ANALYZER_NUMBER_OBJECT_CONVERSION = YES_AGGRESSIVE;
				CLANG_CXX_LANGUAGE_STANDARD = "gnu++14";
				CLANG_CXX_LIBRARY = "libc++";
				CLANG_ENABLE_MODULES = YES;
				CLANG_ENABLE_OBJC_ARC = YES;
				CLANG_ENABLE_OBJC_WEAK = YES;
				CLANG_WARN_BLOCK_CAPTURE_AUTORELEASING = YES;
				CLANG_WARN_BOOL_CONVERSION = YES;
				CLANG_WARN_COMMA = YES;
				CLANG_WARN_CONSTANT_CONVERSION = YES;
				CLANG_WARN_DEPRECATED_OBJC_IMPLEMENTATIONS = YES;
				CLANG_WARN_DIRECT_OBJC_ISA_USAGE = YES_ERROR;
				CLANG_WARN_DOCUMENTATION_COMMENTS = YES;
				CLANG_WARN_EMPTY_BODY = YES;
				CLANG_WARN_ENUM_CONVERSION = YES;
				CLANG_WARN_INFINITE_RECURSION = YES;
				CLANG_WARN_INT_CONVERSION = YES;
				CLANG_WARN_NON_LITERAL_NULL_CONVERSION = YES;
				CLANG_WARN_OBJC_IMPLICIT_RETAIN_SELF = YES;
				CLANG_WARN_OBJC_LITERAL_CONVERSION = YES;
				CLANG_WARN_OBJC_ROOT_CLASS = YES_ERROR;
				CLANG_WARN_RANGE_LOOP_ANALYSIS = YES;
				CLANG_WARN_STRICT_PROTOTYPES = YES;
				CLANG_WARN_SUSPICIOUS_MOVE = YES;
				CLANG_WARN_UNGUARDED_AVAILABILITY = YES_AGGRESSIVE;
				CLANG_WARN_UNREACHABLE_CODE = YES;
				CLANG_WARN__DUPLICATE_METHOD_MATCH = YES;
				COPY_PHASE_STRIP = NO;
				DEBUG_INFORMATION_FORMAT = dwarf;
				ENABLE_STRICT_OBJC_MSGSEND = YES;
				ENABLE_TESTABILITY = YES;
				GCC_C_LANGUAGE_STANDARD = gnu11;
				GCC_DYNAMIC_NO_PIC = NO;
				GCC_NO_COMMON_BLOCKS = YES;
				GCC_OPTIMIZATION_LEVEL = 0;
				GCC_PREPROCESSOR_DEFINITIONS = (
					"DEBUG=1",
					"$(inherited)",
				);
				GCC_WARN_64_TO_32_BIT_CONVERSION = YES;
				GCC_WARN_ABOUT_RETURN_TYPE = YES_ERROR;
				GCC_WARN_UNDECLARED_SELECTOR = YES;
				GCC_WARN_UNINITIALIZED_AUTOS = YES_AGGRESSIVE;
				GCC_WARN_UNUSED_FUNCTION = YES;
				GCC_WARN_UNUSED_VARIABLE = YES;
				IPHONEOS_DEPLOYMENT_TARGET = 12.2;
				MTL_ENABLE_DEBUG_INFO = INCLUDE_SOURCE;
				MTL_FAST_MATH = YES;
				ONLY_ACTIVE_ARCH = YES;
				SDKROOT = iphoneos;
				SWIFT_ACTIVE_COMPILATION_CONDITIONS = DEBUG;
				SWIFT_OPTIMIZATION_LEVEL = "-Onone";
			};
			name = Debug;
		};
		9C45626223EFE1FA0095D957 /* Release */ = {
			isa = XCBuildConfiguration;
			buildSettings = {
				ALWAYS_SEARCH_USER_PATHS = NO;
				CLANG_ANALYZER_LOCALIZABILITY_NONLOCALIZED = YES;
				CLANG_ANALYZER_NONNULL = YES;
				CLANG_ANALYZER_NUMBER_OBJECT_CONVERSION = YES_AGGRESSIVE;
				CLANG_CXX_LANGUAGE_STANDARD = "gnu++14";
				CLANG_CXX_LIBRARY = "libc++";
				CLANG_ENABLE_MODULES = YES;
				CLANG_ENABLE_OBJC_ARC = YES;
				CLANG_ENABLE_OBJC_WEAK = YES;
				CLANG_WARN_BLOCK_CAPTURE_AUTORELEASING = YES;
				CLANG_WARN_BOOL_CONVERSION = YES;
				CLANG_WARN_COMMA = YES;
				CLANG_WARN_CONSTANT_CONVERSION = YES;
				CLANG_WARN_DEPRECATED_OBJC_IMPLEMENTATIONS = YES;
				CLANG_WARN_DIRECT_OBJC_ISA_USAGE = YES_ERROR;
				CLANG_WARN_DOCUMENTATION_COMMENTS = YES;
				CLANG_WARN_EMPTY_BODY = YES;
				CLANG_WARN_ENUM_CONVERSION = YES;
				CLANG_WARN_INFINITE_RECURSION = YES;
				CLANG_WARN_INT_CONVERSION = YES;
				CLANG_WARN_NON_LITERAL_NULL_CONVERSION = YES;
				CLANG_WARN_OBJC_IMPLICIT_RETAIN_SELF = YES;
				CLANG_WARN_OBJC_LITERAL_CONVERSION = YES;
				CLANG_WARN_OBJC_ROOT_CLASS = YES_ERROR;
				CLANG_WARN_RANGE_LOOP_ANALYSIS = YES;
				CLANG_WARN_STRICT_PROTOTYPES = YES;
				CLANG_WARN_SUSPICIOUS_MOVE = YES;
				CLANG_WARN_UNGUARDED_AVAILABILITY = YES_AGGRESSIVE;
				CLANG_WARN_UNREACHABLE_CODE = YES;
				CLANG_WARN__DUPLICATE_METHOD_MATCH = YES;
				COPY_PHASE_STRIP = NO;
				DEBUG_INFORMATION_FORMAT = "dwarf-with-dsym";
				ENABLE_NS_ASSERTIONS = NO;
				ENABLE_STRICT_OBJC_MSGSEND = YES;
				GCC_C_LANGUAGE_STANDARD = gnu11;
				GCC_NO_COMMON_BLOCKS = YES;
				GCC_WARN_64_TO_32_BIT_CONVERSION = YES;
				GCC_WARN_ABOUT_RETURN_TYPE = YES_ERROR;
				GCC_WARN_UNDECLARED_SELECTOR = YES;
				GCC_WARN_UNINITIALIZED_AUTOS = YES_AGGRESSIVE;
				GCC_WARN_UNUSED_FUNCTION = YES;
				GCC_WARN_UNUSED_VARIABLE = YES;
				IPHONEOS_DEPLOYMENT_TARGET = 12.2;
				MTL_ENABLE_DEBUG_INFO = NO;
				MTL_FAST_MATH = YES;
				SDKROOT = iphoneos;
				SWIFT_COMPILATION_MODE = wholemodule;
				SWIFT_OPTIMIZATION_LEVEL = "-O";
				VALIDATE_PRODUCT = YES;
			};
			name = Release;
		};
		9C45626423EFE1FA0095D957 /* Debug */ = {
			isa = XCBuildConfiguration;
			baseConfigurationReference = 3024B904CEE55ED0DD7C4270 /* Pods-SSHS.debug.xcconfig */;
			buildSettings = {
				ASSETCATALOG_COMPILER_APPICON_NAME = AppIcon;
				CODE_SIGN_STYLE = Automatic;
				CURRENT_PROJECT_VERSION = 4;
				DEVELOPMENT_TEAM = 8L7U73RDJP;
				INFOPLIST_FILE = SSHS/Info.plist;
				IPHONEOS_DEPLOYMENT_TARGET = 12.2;
				LD_RUNPATH_SEARCH_PATHS = (
					"$(inherited)",
					"@executable_path/Frameworks",
				);
				MARKETING_VERSION = 1.2;
				PRODUCT_BUNDLE_IDENTIFIER = xyz.students.SSHS;
				PRODUCT_NAME = "$(TARGET_NAME)";
				SWIFT_VERSION = 5.0;
				TARGETED_DEVICE_FAMILY = "1,2";
			};
			name = Debug;
		};
		9C45626523EFE1FA0095D957 /* Release */ = {
			isa = XCBuildConfiguration;
			baseConfigurationReference = 8FDF6B3C999C2464538A40B1 /* Pods-SSHS.release.xcconfig */;
			buildSettings = {
				ASSETCATALOG_COMPILER_APPICON_NAME = AppIcon;
				CODE_SIGN_ENTITLEMENTS = SSHS/SSHSRelease.entitlements;
				CODE_SIGN_STYLE = Automatic;
				CURRENT_PROJECT_VERSION = 4;
				DEVELOPMENT_TEAM = 8L7U73RDJP;
				INFOPLIST_FILE = SSHS/Info.plist;
				IPHONEOS_DEPLOYMENT_TARGET = 12.2;
				LD_RUNPATH_SEARCH_PATHS = (
					"$(inherited)",
					"@executable_path/Frameworks",
				);
				MARKETING_VERSION = 1.2;
				PRODUCT_BUNDLE_IDENTIFIER = xyz.students.SSHS;
				PRODUCT_NAME = "$(TARGET_NAME)";
				SWIFT_VERSION = 5.0;
				TARGETED_DEVICE_FAMILY = "1,2";
			};
			name = Release;
		};
		9C45626723EFE1FA0095D957 /* Debug */ = {
			isa = XCBuildConfiguration;
			baseConfigurationReference = 47D871F90AC2C8511A952553 /* Pods-SSHSTests.debug.xcconfig */;
			buildSettings = {
				ALWAYS_EMBED_SWIFT_STANDARD_LIBRARIES = YES;
				BUNDLE_LOADER = "$(TEST_HOST)";
				"CODE_SIGN_IDENTITY[sdk=macosx*]" = "Apple Development";
				CODE_SIGN_STYLE = Automatic;
				DEVELOPMENT_TEAM = 8L7U73RDJP;
				INFOPLIST_FILE = SSHSTests/Info.plist;
				IPHONEOS_DEPLOYMENT_TARGET = 13.2;
				LD_RUNPATH_SEARCH_PATHS = (
					"$(inherited)",
					"@executable_path/Frameworks",
					"@loader_path/Frameworks",
				);
				PRODUCT_BUNDLE_IDENTIFIER = xyz.students.SSHSTests;
				PRODUCT_NAME = "$(TARGET_NAME)";
				SWIFT_VERSION = 5.0;
				TARGETED_DEVICE_FAMILY = "1,2";
				TEST_HOST = "$(BUILT_PRODUCTS_DIR)/SSHS.app/SSHS";
			};
			name = Debug;
		};
		9C45626823EFE1FA0095D957 /* Release */ = {
			isa = XCBuildConfiguration;
			baseConfigurationReference = 46BDD47779FD46423BB83EE8 /* Pods-SSHSTests.release.xcconfig */;
			buildSettings = {
				ALWAYS_EMBED_SWIFT_STANDARD_LIBRARIES = YES;
				BUNDLE_LOADER = "$(TEST_HOST)";
				CODE_SIGN_STYLE = Automatic;
				DEVELOPMENT_TEAM = 8L7U73RDJP;
				INFOPLIST_FILE = SSHSTests/Info.plist;
				IPHONEOS_DEPLOYMENT_TARGET = 13.2;
				LD_RUNPATH_SEARCH_PATHS = (
					"$(inherited)",
					"@executable_path/Frameworks",
					"@loader_path/Frameworks",
				);
				PRODUCT_BUNDLE_IDENTIFIER = xyz.students.SSHSTests;
				PRODUCT_NAME = "$(TARGET_NAME)";
				SWIFT_VERSION = 5.0;
				TARGETED_DEVICE_FAMILY = "1,2";
				TEST_HOST = "$(BUILT_PRODUCTS_DIR)/SSHS.app/SSHS";
			};
			name = Release;
		};
		9C45626A23EFE1FA0095D957 /* Debug */ = {
			isa = XCBuildConfiguration;
			baseConfigurationReference = ECD5686A427508340F24ADF9 /* Pods-SSHSUITests.debug.xcconfig */;
			buildSettings = {
				ALWAYS_EMBED_SWIFT_STANDARD_LIBRARIES = YES;
				CODE_SIGN_STYLE = Automatic;
				DEVELOPMENT_TEAM = 8L7U73RDJP;
				INFOPLIST_FILE = SSHSUITests/Info.plist;
				LD_RUNPATH_SEARCH_PATHS = (
					"$(inherited)",
					"@executable_path/Frameworks",
					"@loader_path/Frameworks",
				);
				PRODUCT_BUNDLE_IDENTIFIER = xyz.students.SSHSUITests;
				PRODUCT_NAME = "$(TARGET_NAME)";
				SWIFT_VERSION = 5.0;
				TARGETED_DEVICE_FAMILY = "1,2";
				TEST_TARGET_NAME = SSHS;
			};
			name = Debug;
		};
		9C45626B23EFE1FA0095D957 /* Release */ = {
			isa = XCBuildConfiguration;
			baseConfigurationReference = 462AC664C2FABF156736F9D6 /* Pods-SSHSUITests.release.xcconfig */;
			buildSettings = {
				ALWAYS_EMBED_SWIFT_STANDARD_LIBRARIES = YES;
				CODE_SIGN_STYLE = Automatic;
				DEVELOPMENT_TEAM = 8L7U73RDJP;
				INFOPLIST_FILE = SSHSUITests/Info.plist;
				LD_RUNPATH_SEARCH_PATHS = (
					"$(inherited)",
					"@executable_path/Frameworks",
					"@loader_path/Frameworks",
				);
				PRODUCT_BUNDLE_IDENTIFIER = xyz.students.SSHSUITests;
				PRODUCT_NAME = "$(TARGET_NAME)";
				SWIFT_VERSION = 5.0;
				TARGETED_DEVICE_FAMILY = "1,2";
				TEST_TARGET_NAME = SSHS;
			};
			name = Release;
		};
/* End XCBuildConfiguration section */

/* Begin XCConfigurationList section */
		9C45623423EFE1F40095D957 /* Build configuration list for PBXProject "SSHS" */ = {
			isa = XCConfigurationList;
			buildConfigurations = (
				9C45626123EFE1FA0095D957 /* Debug */,
				9C45626223EFE1FA0095D957 /* Release */,
			);
			defaultConfigurationIsVisible = 0;
			defaultConfigurationName = Release;
		};
		9C45626323EFE1FA0095D957 /* Build configuration list for PBXNativeTarget "SSHS" */ = {
			isa = XCConfigurationList;
			buildConfigurations = (
				9C45626423EFE1FA0095D957 /* Debug */,
				9C45626523EFE1FA0095D957 /* Release */,
			);
			defaultConfigurationIsVisible = 0;
			defaultConfigurationName = Release;
		};
		9C45626623EFE1FA0095D957 /* Build configuration list for PBXNativeTarget "SSHSTests" */ = {
			isa = XCConfigurationList;
			buildConfigurations = (
				9C45626723EFE1FA0095D957 /* Debug */,
				9C45626823EFE1FA0095D957 /* Release */,
			);
			defaultConfigurationIsVisible = 0;
			defaultConfigurationName = Release;
		};
		9C45626923EFE1FA0095D957 /* Build configuration list for PBXNativeTarget "SSHSUITests" */ = {
			isa = XCConfigurationList;
			buildConfigurations = (
				9C45626A23EFE1FA0095D957 /* Debug */,
				9C45626B23EFE1FA0095D957 /* Release */,
			);
			defaultConfigurationIsVisible = 0;
			defaultConfigurationName = Release;
		};
/* End XCConfigurationList section */
	};
	rootObject = 9C45623123EFE1F40095D957 /* Project object */;
}
